Microsoft Visual Studio Solution File, Format Version 12.00
# Visual Studio 2012
Project("{FAE04EC0-301F-11D3-BF4B-00C04F79EFBC}") = "tile-evoution", "tile-evoution.csproj", "{FE445F00-A591-4361-BC1A-871CF1F3B286}"
EndProject
Global
	GlobalSection(SolutionConfigurationPlatforms) = preSolution
	Debug|Any CPU = Debug|Any CPU
	ExportDebug|Any CPU = ExportDebug|Any CPU
	ExportRelease|Any CPU = ExportRelease|Any CPU
	EndGlobalSection
	GlobalSection(ProjectConfigurationPlatforms) = postSolution
		{FE445F00-A591-4361-BC1A-871CF1F3B286}.Debug|Any CPU.ActiveCfg = Debug|Any CPU
		{FE445F00-A591-4361-BC1A-871CF1F3B286}.Debug|Any CPU.Build.0 = Debug|Any CPU
		{FE445F00-A591-4361-BC1A-871CF1F3B286}.ExportDebug|Any CPU.ActiveCfg = ExportDebug|Any CPU
		{FE445F00-A591-4361-BC1A-871CF1F3B286}.ExportDebug|Any CPU.Build.0 = ExportDebug|Any CPU
		{FE445F00-A591-4361-BC1A-871CF1F3B286}.ExportRelease|Any CPU.ActiveCfg = ExportRelease|Any CPU
		{FE445F00-A591-4361-BC1A-871CF1F3B286}.ExportRelease|Any CPU.Build.0 = ExportRelease|Any CPU
	EndGlobalSection
EndGlobal
